
Microsoft Visual Studio Solution File, Format Version 12.00
# Visual Studio 14
VisualStudioVersion = 14.0.23107.0
MinimumVisualStudioVersion = 10.0.40219.1
Project("{FAE04EC0-301F-11D3-BF4B-00C04F79EFBC}") = "Deep-Understanding", "Deep-Understanding\Deep-Understanding.csproj", "{95943C5C-601D-4826-9DDC-984833CED647}"
EndProject
Project("{FAE04EC0-301F-11D3-BF4B-00C04F79EFBC}") = "DeepNeuralNetworkBasics", "DeepNeuralNetworkBasics\DeepNeuralNetworkBasics.csproj", "{7A5EEC88-910B-4927-ACFA-D0A82CAE35DB}"
EndProject
Global
	GlobalSection(SolutionConfigurationPlatforms) = preSolution
		Debug|Any CPU = Debug|Any CPU
		Release|Any CPU = Release|Any CPU
	EndGlobalSection
	GlobalSection(ProjectConfigurationPlatforms) = postSolution
		{95943C5C-601D-4826-9DDC-984833CED647}.Debug|Any CPU.ActiveCfg = Debug|Any CPU
		{95943C5C-601D-4826-9DDC-984833CED647}.Debug|Any CPU.Build.0 = Debug|Any CPU
		{95943C5C-601D-4826-9DDC-984833CED647}.Release|Any CPU.ActiveCfg = Release|Any CPU
		{95943C5C-601D-4826-9DDC-984833CED647}.Release|Any CPU.Build.0 = Release|Any CPU
		{7A5EEC88-910B-4927-ACFA-D0A82CAE35DB}.Debug|Any CPU.ActiveCfg = Debug|Any CPU
		{7A5EEC88-910B-4927-ACFA-D0A82CAE35DB}.Debug|Any CPU.Build.0 = Debug|Any CPU
		{7A5EEC88-910B-4927-ACFA-D0A82CAE35DB}.Release|Any CPU.ActiveCfg = Release|Any CPU
		{7A5EEC88-910B-4927-ACFA-D0A82CAE35DB}.Release|Any CPU.Build.0 = Release|Any CPU
	EndGlobalSection
	GlobalSection(SolutionProperties) = preSolution
		HideSolutionNode = FALSE
	EndGlobalSection
EndGlobal
